// !$*UTF8*$!
{
	archiveVersion = 1;
	classes = {
	};
	objectVersion = 56;
	objects = {

/* Begin PBXBuildFile section */
		70727A5529D87B25003DE956 /* AppDelegate.swift in Sources */ = {isa = PBXBuildFile; fileRef = 70727A5429D87B25003DE956 /* AppDelegate.swift */; };
		70727A5729D87B25003DE956 /* SceneDelegate.swift in Sources */ = {isa = PBXBuildFile; fileRef = 70727A5629D87B25003DE956 /* SceneDelegate.swift */; };
		70727A5E29D87B27003DE956 /* Assets.xcassets in Resources */ = {isa = PBXBuildFile; fileRef = 70727A5D29D87B27003DE956 /* Assets.xcassets */; };
		70727A6129D87B27003DE956 /* LaunchScreen.storyboard in Resources */ = {isa = PBXBuildFile; fileRef = 70727A5F29D87B27003DE956 /* LaunchScreen.storyboard */; };
		70727A6C29D87B27003DE956 /* HaramTests.swift in Sources */ = {isa = PBXBuildFile; fileRef = 70727A6B29D87B27003DE956 /* HaramTests.swift */; };
		70727A7629D87B27003DE956 /* HaramUITests.swift in Sources */ = {isa = PBXBuildFile; fileRef = 70727A7529D87B27003DE956 /* HaramUITests.swift */; };
		70727A7829D87B27003DE956 /* HaramUITestsLaunchTests.swift in Sources */ = {isa = PBXBuildFile; fileRef = 70727A7729D87B27003DE956 /* HaramUITestsLaunchTests.swift */; };
		70727A8829D87E0E003DE956 /* Config.swift in Sources */ = {isa = PBXBuildFile; fileRef = 70727A8729D87E0E003DE956 /* Config.swift */; };
		70727A9029D88935003DE956 /* BaseViewController.swift in Sources */ = {isa = PBXBuildFile; fileRef = 70727A8F29D88935003DE956 /* BaseViewController.swift */; };
		70727A9229D889AE003DE956 /* LoginViewController.swift in Sources */ = {isa = PBXBuildFile; fileRef = 70727A9129D889AE003DE956 /* LoginViewController.swift */; };
		70727A9529D889C6003DE956 /* HomeViewController.swift in Sources */ = {isa = PBXBuildFile; fileRef = 70727A9429D889C6003DE956 /* HomeViewController.swift */; };
		70727A9729D889FF003DE956 /* PolicyViewController.swift in Sources */ = {isa = PBXBuildFile; fileRef = 70727A9629D889FF003DE956 /* PolicyViewController.swift */; };
		70727A9929D88A22003DE956 /* RegisterViewController.swift in Sources */ = {isa = PBXBuildFile; fileRef = 70727A9829D88A22003DE956 /* RegisterViewController.swift */; };
		70727A9B29D88A3A003DE956 /* FindPasswordViewController.swift in Sources */ = {isa = PBXBuildFile; fileRef = 70727A9A29D88A3A003DE956 /* FindPasswordViewController.swift */; };
		70727A9D29D88A7F003DE956 /* UpdatePasswordViewController.swift in Sources */ = {isa = PBXBuildFile; fileRef = 70727A9C29D88A7F003DE956 /* UpdatePasswordViewController.swift */; };
		70727A9F29D88AAA003DE956 /* BoardViewController.swift in Sources */ = {isa = PBXBuildFile; fileRef = 70727A9E29D88AAA003DE956 /* BoardViewController.swift */; };
		70727AA129D88AD0003DE956 /* MoreViewController.swift in Sources */ = {isa = PBXBuildFile; fileRef = 70727AA029D88AD0003DE956 /* MoreViewController.swift */; };
		70727AA329D88AEE003DE956 /* ScheduleViewController.swift in Sources */ = {isa = PBXBuildFile; fileRef = 70727AA229D88AEE003DE956 /* ScheduleViewController.swift */; };
		70727AA629D93B43003DE956 /* HomeShortcutCollectionViewCell.swift in Sources */ = {isa = PBXBuildFile; fileRef = 70727AA529D93B42003DE956 /* HomeShortcutCollectionViewCell.swift */; };
		70727AA829D93F24003DE956 /* HomeNewsCollectionViewCell.swift in Sources */ = {isa = PBXBuildFile; fileRef = 70727AA729D93F24003DE956 /* HomeNewsCollectionViewCell.swift */; };
		9EEA5185FB04E571E4E1FEB7 /* Pods_Haram.framework in Frameworks */ = {isa = PBXBuildFile; fileRef = 83B4035FED380A20E1159D3C /* Pods_Haram.framework */; };
		DD1E5673ADE62ABF9AF723F6 /* Pods_HaramTests.framework in Frameworks */ = {isa = PBXBuildFile; fileRef = D7FEA5D9A0F2A1046C0BF28F /* Pods_HaramTests.framework */; };
		E8B0A9AC9430ED1D8BD162F3 /* Pods_Haram_HaramUITests.framework in Frameworks */ = {isa = PBXBuildFile; fileRef = D30405AFF5F4E32E40387628 /* Pods_Haram_HaramUITests.framework */; };
/* End PBXBuildFile section */

/* Begin PBXContainerItemProxy section */
		70727A6829D87B27003DE956 /* PBXContainerItemProxy */ = {
			isa = PBXContainerItemProxy;
			containerPortal = 70727A4929D87B25003DE956 /* Project object */;
			proxyType = 1;
			remoteGlobalIDString = 70727A5029D87B25003DE956;
			remoteInfo = Haram;
		};
		70727A7229D87B27003DE956 /* PBXContainerItemProxy */ = {
			isa = PBXContainerItemProxy;
			containerPortal = 70727A4929D87B25003DE956 /* Project object */;
			proxyType = 1;
			remoteGlobalIDString = 70727A5029D87B25003DE956;
			remoteInfo = Haram;
		};
/* End PBXContainerItemProxy section */

/* Begin PBXFileReference section */
		1D48F7FCF7A457261670F3EF /* Pods-Haram.release.xcconfig */ = {isa = PBXFileReference; includeInIndex = 1; lastKnownFileType = text.xcconfig; name = "Pods-Haram.release.xcconfig"; path = "Target Support Files/Pods-Haram/Pods-Haram.release.xcconfig"; sourceTree = "<group>"; };
		23197F1456E4AE69A47F19DB /* Pods-Haram-HaramUITests.debug.xcconfig */ = {isa = PBXFileReference; includeInIndex = 1; lastKnownFileType = text.xcconfig; name = "Pods-Haram-HaramUITests.debug.xcconfig"; path = "Target Support Files/Pods-Haram-HaramUITests/Pods-Haram-HaramUITests.debug.xcconfig"; sourceTree = "<group>"; };
		53CB8BAC08F9E8A3AAA89FD7 /* Pods-HaramTests.debug.xcconfig */ = {isa = PBXFileReference; includeInIndex = 1; lastKnownFileType = text.xcconfig; name = "Pods-HaramTests.debug.xcconfig"; path = "Target Support Files/Pods-HaramTests/Pods-HaramTests.debug.xcconfig"; sourceTree = "<group>"; };
		6CF842086B6AC027A6E61245 /* Pods-HaramTests.release.xcconfig */ = {isa = PBXFileReference; includeInIndex = 1; lastKnownFileType = text.xcconfig; name = "Pods-HaramTests.release.xcconfig"; path = "Target Support Files/Pods-HaramTests/Pods-HaramTests.release.xcconfig"; sourceTree = "<group>"; };
		70727A5129D87B25003DE956 /* Haram.app */ = {isa = PBXFileReference; explicitFileType = wrapper.application; includeInIndex = 0; path = Haram.app; sourceTree = BUILT_PRODUCTS_DIR; };
		70727A5429D87B25003DE956 /* AppDelegate.swift */ = {isa = PBXFileReference; lastKnownFileType = sourcecode.swift; path = AppDelegate.swift; sourceTree = "<group>"; };
		70727A5629D87B25003DE956 /* SceneDelegate.swift */ = {isa = PBXFileReference; lastKnownFileType = sourcecode.swift; path = SceneDelegate.swift; sourceTree = "<group>"; };
		70727A5D29D87B27003DE956 /* Assets.xcassets */ = {isa = PBXFileReference; lastKnownFileType = folder.assetcatalog; path = Assets.xcassets; sourceTree = "<group>"; };
		70727A6029D87B27003DE956 /* Base */ = {isa = PBXFileReference; lastKnownFileType = file.storyboard; name = Base; path = Base.lproj/LaunchScreen.storyboard; sourceTree = "<group>"; };
		70727A6229D87B27003DE956 /* Info.plist */ = {isa = PBXFileReference; lastKnownFileType = text.plist.xml; path = Info.plist; sourceTree = "<group>"; };
		70727A6729D87B27003DE956 /* HaramTests.xctest */ = {isa = PBXFileReference; explicitFileType = wrapper.cfbundle; includeInIndex = 0; path = HaramTests.xctest; sourceTree = BUILT_PRODUCTS_DIR; };
		70727A6B29D87B27003DE956 /* HaramTests.swift */ = {isa = PBXFileReference; lastKnownFileType = sourcecode.swift; path = HaramTests.swift; sourceTree = "<group>"; };
		70727A7129D87B27003DE956 /* HaramUITests.xctest */ = {isa = PBXFileReference; explicitFileType = wrapper.cfbundle; includeInIndex = 0; path = HaramUITests.xctest; sourceTree = BUILT_PRODUCTS_DIR; };
		70727A7529D87B27003DE956 /* HaramUITests.swift */ = {isa = PBXFileReference; lastKnownFileType = sourcecode.swift; path = HaramUITests.swift; sourceTree = "<group>"; };
		70727A7729D87B27003DE956 /* HaramUITestsLaunchTests.swift */ = {isa = PBXFileReference; lastKnownFileType = sourcecode.swift; path = HaramUITestsLaunchTests.swift; sourceTree = "<group>"; };
		70727A8729D87E0E003DE956 /* Config.swift */ = {isa = PBXFileReference; lastKnownFileType = sourcecode.swift; path = Config.swift; sourceTree = "<group>"; };
		70727A8F29D88935003DE956 /* BaseViewController.swift */ = {isa = PBXFileReference; lastKnownFileType = sourcecode.swift; path = BaseViewController.swift; sourceTree = "<group>"; };
		70727A9129D889AE003DE956 /* LoginViewController.swift */ = {isa = PBXFileReference; lastKnownFileType = sourcecode.swift; path = LoginViewController.swift; sourceTree = "<group>"; };
		70727A9429D889C6003DE956 /* HomeViewController.swift */ = {isa = PBXFileReference; lastKnownFileType = sourcecode.swift; path = HomeViewController.swift; sourceTree = "<group>"; };
		70727A9629D889FF003DE956 /* PolicyViewController.swift */ = {isa = PBXFileReference; lastKnownFileType = sourcecode.swift; path = PolicyViewController.swift; sourceTree = "<group>"; };
		70727A9829D88A22003DE956 /* RegisterViewController.swift */ = {isa = PBXFileReference; lastKnownFileType = sourcecode.swift; path = RegisterViewController.swift; sourceTree = "<group>"; };
		70727A9A29D88A3A003DE956 /* FindPasswordViewController.swift */ = {isa = PBXFileReference; lastKnownFileType = sourcecode.swift; path = FindPasswordViewController.swift; sourceTree = "<group>"; };
		70727A9C29D88A7F003DE956 /* UpdatePasswordViewController.swift */ = {isa = PBXFileReference; lastKnownFileType = sourcecode.swift; path = UpdatePasswordViewController.swift; sourceTree = "<group>"; };
		70727A9E29D88AAA003DE956 /* BoardViewController.swift */ = {isa = PBXFileReference; lastKnownFileType = sourcecode.swift; path = BoardViewController.swift; sourceTree = "<group>"; };
		70727AA029D88AD0003DE956 /* MoreViewController.swift */ = {isa = PBXFileReference; lastKnownFileType = sourcecode.swift; path = MoreViewController.swift; sourceTree = "<group>"; };
		70727AA229D88AEE003DE956 /* ScheduleViewController.swift */ = {isa = PBXFileReference; lastKnownFileType = sourcecode.swift; path = ScheduleViewController.swift; sourceTree = "<group>"; };
		70727AA529D93B42003DE956 /* HomeShortcutCollectionViewCell.swift */ = {isa = PBXFileReference; lastKnownFileType = sourcecode.swift; path = HomeShortcutCollectionViewCell.swift; sourceTree = "<group>"; };
		70727AA729D93F24003DE956 /* HomeNewsCollectionViewCell.swift */ = {isa = PBXFileReference; lastKnownFileType = sourcecode.swift; path = HomeNewsCollectionViewCell.swift; sourceTree = "<group>"; };
		83B4035FED380A20E1159D3C /* Pods_Haram.framework */ = {isa = PBXFileReference; explicitFileType = wrapper.framework; includeInIndex = 0; path = Pods_Haram.framework; sourceTree = BUILT_PRODUCTS_DIR; };
		A87CEF560E61B5B5250ECD21 /* Pods-Haram.debug.xcconfig */ = {isa = PBXFileReference; includeInIndex = 1; lastKnownFileType = text.xcconfig; name = "Pods-Haram.debug.xcconfig"; path = "Target Support Files/Pods-Haram/Pods-Haram.debug.xcconfig"; sourceTree = "<group>"; };
		B764001493328120B4338461 /* Pods-Haram-HaramUITests.release.xcconfig */ = {isa = PBXFileReference; includeInIndex = 1; lastKnownFileType = text.xcconfig; name = "Pods-Haram-HaramUITests.release.xcconfig"; path = "Target Support Files/Pods-Haram-HaramUITests/Pods-Haram-HaramUITests.release.xcconfig"; sourceTree = "<group>"; };
		D30405AFF5F4E32E40387628 /* Pods_Haram_HaramUITests.framework */ = {isa = PBXFileReference; explicitFileType = wrapper.framework; includeInIndex = 0; path = Pods_Haram_HaramUITests.framework; sourceTree = BUILT_PRODUCTS_DIR; };
		D7FEA5D9A0F2A1046C0BF28F /* Pods_HaramTests.framework */ = {isa = PBXFileReference; explicitFileType = wrapper.framework; includeInIndex = 0; path = Pods_HaramTests.framework; sourceTree = BUILT_PRODUCTS_DIR; };
/* End PBXFileReference section */

/* Begin PBXFrameworksBuildPhase section */
		70727A4E29D87B25003DE956 /* Frameworks */ = {
			isa = PBXFrameworksBuildPhase;
			buildActionMask = 2147483647;
			files = (
				9EEA5185FB04E571E4E1FEB7 /* Pods_Haram.framework in Frameworks */,
			);
			runOnlyForDeploymentPostprocessing = 0;
		};
		70727A6429D87B27003DE956 /* Frameworks */ = {
			isa = PBXFrameworksBuildPhase;
			buildActionMask = 2147483647;
			files = (
				DD1E5673ADE62ABF9AF723F6 /* Pods_HaramTests.framework in Frameworks */,
			);
			runOnlyForDeploymentPostprocessing = 0;
		};
		70727A6E29D87B27003DE956 /* Frameworks */ = {
			isa = PBXFrameworksBuildPhase;
			buildActionMask = 2147483647;
			files = (
				E8B0A9AC9430ED1D8BD162F3 /* Pods_Haram_HaramUITests.framework in Frameworks */,
			);
			runOnlyForDeploymentPostprocessing = 0;
		};
/* End PBXFrameworksBuildPhase section */

/* Begin PBXGroup section */
		6E09D3E6DC98743DF61C4308 /* Pods */ = {
			isa = PBXGroup;
			children = (
				A87CEF560E61B5B5250ECD21 /* Pods-Haram.debug.xcconfig */,
				1D48F7FCF7A457261670F3EF /* Pods-Haram.release.xcconfig */,
				23197F1456E4AE69A47F19DB /* Pods-Haram-HaramUITests.debug.xcconfig */,
				B764001493328120B4338461 /* Pods-Haram-HaramUITests.release.xcconfig */,
				53CB8BAC08F9E8A3AAA89FD7 /* Pods-HaramTests.debug.xcconfig */,
				6CF842086B6AC027A6E61245 /* Pods-HaramTests.release.xcconfig */,
			);
			path = Pods;
			sourceTree = "<group>";
		};
		70727A4829D87B25003DE956 = {
			isa = PBXGroup;
			children = (
				70727A5329D87B25003DE956 /* Haram */,
				70727A6A29D87B27003DE956 /* HaramTests */,
				70727A7429D87B27003DE956 /* HaramUITests */,
				70727A5229D87B25003DE956 /* Products */,
				6E09D3E6DC98743DF61C4308 /* Pods */,
				EDC0E8CE0A814EB12D37950C /* Frameworks */,
			);
			sourceTree = "<group>";
		};
		70727A5229D87B25003DE956 /* Products */ = {
			isa = PBXGroup;
			children = (
				70727A5129D87B25003DE956 /* Haram.app */,
				70727A6729D87B27003DE956 /* HaramTests.xctest */,
				70727A7129D87B27003DE956 /* HaramUITests.xctest */,
			);
			name = Products;
			sourceTree = "<group>";
		};
		70727A5329D87B25003DE956 /* Haram */ = {
			isa = PBXGroup;
			children = (
				70727A8629D87DFA003DE956 /* Repository */,
				70727A8D29D88928003DE956 /* View */,
				70727A5429D87B25003DE956 /* AppDelegate.swift */,
				70727A5629D87B25003DE956 /* SceneDelegate.swift */,
				70727A5D29D87B27003DE956 /* Assets.xcassets */,
				70727A5F29D87B27003DE956 /* LaunchScreen.storyboard */,
				70727A6229D87B27003DE956 /* Info.plist */,
			);
			path = Haram;
			sourceTree = "<group>";
		};
		70727A6A29D87B27003DE956 /* HaramTests */ = {
			isa = PBXGroup;
			children = (
				70727A6B29D87B27003DE956 /* HaramTests.swift */,
			);
			path = HaramTests;
			sourceTree = "<group>";
		};
		70727A7429D87B27003DE956 /* HaramUITests */ = {
			isa = PBXGroup;
			children = (
				70727A7529D87B27003DE956 /* HaramUITests.swift */,
				70727A7729D87B27003DE956 /* HaramUITestsLaunchTests.swift */,
			);
			path = HaramUITests;
			sourceTree = "<group>";
		};
		70727A8629D87DFA003DE956 /* Repository */ = {
			isa = PBXGroup;
			children = (
				70727A8729D87E0E003DE956 /* Config.swift */,
			);
			path = Repository;
			sourceTree = "<group>";
		};
		70727A8D29D88928003DE956 /* View */ = {
			isa = PBXGroup;
			children = (
				70727AA429D93B2A003DE956 /* Cell */,
				70727A8E29D8892C003DE956 /* Controller */,
			);
			path = View;
			sourceTree = "<group>";
		};
		70727A8E29D8892C003DE956 /* Controller */ = {
			isa = PBXGroup;
			children = (
				70727A8F29D88935003DE956 /* BaseViewController.swift */,
				70727A9329D889BE003DE956 /* CoreTab */,
				70727A9129D889AE003DE956 /* LoginViewController.swift */,
				70727A9629D889FF003DE956 /* PolicyViewController.swift */,
				70727A9829D88A22003DE956 /* RegisterViewController.swift */,
				70727A9A29D88A3A003DE956 /* FindPasswordViewController.swift */,
				70727A9C29D88A7F003DE956 /* UpdatePasswordViewController.swift */,
			);
			path = Controller;
			sourceTree = "<group>";
		};
		70727A9329D889BE003DE956 /* CoreTab */ = {
			isa = PBXGroup;
			children = (
				70727A9429D889C6003DE956 /* HomeViewController.swift */,
				70727A9E29D88AAA003DE956 /* BoardViewController.swift */,
				70727AA029D88AD0003DE956 /* MoreViewController.swift */,
				70727AA229D88AEE003DE956 /* ScheduleViewController.swift */,
			);
			path = CoreTab;
			sourceTree = "<group>";
		};
		70727AA429D93B2A003DE956 /* Cell */ = {
			isa = PBXGroup;
			children = (
				70727AA529D93B42003DE956 /* HomeShortcutCollectionViewCell.swift */,
				70727AA729D93F24003DE956 /* HomeNewsCollectionViewCell.swift */,
			);
			path = Cell;
			sourceTree = "<group>";
		};
		EDC0E8CE0A814EB12D37950C /* Frameworks */ = {
			isa = PBXGroup;
			children = (
				83B4035FED380A20E1159D3C /* Pods_Haram.framework */,
				D30405AFF5F4E32E40387628 /* Pods_Haram_HaramUITests.framework */,
				D7FEA5D9A0F2A1046C0BF28F /* Pods_HaramTests.framework */,
			);
			name = Frameworks;
			sourceTree = "<group>";
		};
/* End PBXGroup section */

/* Begin PBXNativeTarget section */
		70727A5029D87B25003DE956 /* Haram */ = {
			isa = PBXNativeTarget;
			buildConfigurationList = 70727A7B29D87B27003DE956 /* Build configuration list for PBXNativeTarget "Haram" */;
			buildPhases = (
				A07211171B766F2FCF22DBE7 /* [CP] Check Pods Manifest.lock */,
				70727A4D29D87B25003DE956 /* Sources */,
				70727A4E29D87B25003DE956 /* Frameworks */,
				70727A4F29D87B25003DE956 /* Resources */,
				D07AE1776294FE788B2474D4 /* [CP] Embed Pods Frameworks */,
			);
			buildRules = (
			);
			dependencies = (
			);
			name = Haram;
			productName = Haram;
			productReference = 70727A5129D87B25003DE956 /* Haram.app */;
			productType = "com.apple.product-type.application";
		};
		70727A6629D87B27003DE956 /* HaramTests */ = {
			isa = PBXNativeTarget;
			buildConfigurationList = 70727A7E29D87B27003DE956 /* Build configuration list for PBXNativeTarget "HaramTests" */;
			buildPhases = (
				26FB4F88B88C2A33901AC10C /* [CP] Check Pods Manifest.lock */,
				70727A6329D87B27003DE956 /* Sources */,
				70727A6429D87B27003DE956 /* Frameworks */,
				70727A6529D87B27003DE956 /* Resources */,
			);
			buildRules = (
			);
			dependencies = (
				70727A6929D87B27003DE956 /* PBXTargetDependency */,
			);
			name = HaramTests;
			productName = HaramTests;
			productReference = 70727A6729D87B27003DE956 /* HaramTests.xctest */;
			productType = "com.apple.product-type.bundle.unit-test";
		};
		70727A7029D87B27003DE956 /* HaramUITests */ = {
			isa = PBXNativeTarget;
			buildConfigurationList = 70727A8129D87B27003DE956 /* Build configuration list for PBXNativeTarget "HaramUITests" */;
			buildPhases = (
				B693B281461A3D501D4E432A /* [CP] Check Pods Manifest.lock */,
				70727A6D29D87B27003DE956 /* Sources */,
				70727A6E29D87B27003DE956 /* Frameworks */,
				70727A6F29D87B27003DE956 /* Resources */,
				8B04A0200223458063907514 /* [CP] Embed Pods Frameworks */,
			);
			buildRules = (
			);
			dependencies = (
				70727A7329D87B27003DE956 /* PBXTargetDependency */,
			);
			name = HaramUITests;
			productName = HaramUITests;
			productReference = 70727A7129D87B27003DE956 /* HaramUITests.xctest */;
			productType = "com.apple.product-type.bundle.ui-testing";
		};
/* End PBXNativeTarget section */

/* Begin PBXProject section */
		70727A4929D87B25003DE956 /* Project object */ = {
			isa = PBXProject;
			attributes = {
				BuildIndependentTargetsInParallel = 1;
				LastSwiftUpdateCheck = 1420;
				LastUpgradeCheck = 1420;
				TargetAttributes = {
					70727A5029D87B25003DE956 = {
						CreatedOnToolsVersion = 14.2;
					};
					70727A6629D87B27003DE956 = {
						CreatedOnToolsVersion = 14.2;
						TestTargetID = 70727A5029D87B25003DE956;
					};
					70727A7029D87B27003DE956 = {
						CreatedOnToolsVersion = 14.2;
						TestTargetID = 70727A5029D87B25003DE956;
					};
				};
			};
			buildConfigurationList = 70727A4C29D87B25003DE956 /* Build configuration list for PBXProject "Haram" */;
			compatibilityVersion = "Xcode 14.0";
			developmentRegion = en;
			hasScannedForEncodings = 0;
			knownRegions = (
				en,
				Base,
			);
			mainGroup = 70727A4829D87B25003DE956;
			productRefGroup = 70727A5229D87B25003DE956 /* Products */;
			projectDirPath = "";
			projectRoot = "";
			targets = (
				70727A5029D87B25003DE956 /* Haram */,
				70727A6629D87B27003DE956 /* HaramTests */,
				70727A7029D87B27003DE956 /* HaramUITests */,
			);
		};
/* End PBXProject section */

/* Begin PBXResourcesBuildPhase section */
		70727A4F29D87B25003DE956 /* Resources */ = {
			isa = PBXResourcesBuildPhase;
			buildActionMask = 2147483647;
			files = (
				70727A6129D87B27003DE956 /* LaunchScreen.storyboard in Resources */,
				70727A5E29D87B27003DE956 /* Assets.xcassets in Resources */,
			);
			runOnlyForDeploymentPostprocessing = 0;
		};
		70727A6529D87B27003DE956 /* Resources */ = {
			isa = PBXResourcesBuildPhase;
			buildActionMask = 2147483647;
			files = (
			);
			runOnlyForDeploymentPostprocessing = 0;
		};
		70727A6F29D87B27003DE956 /* Resources */ = {
			isa = PBXResourcesBuildPhase;
			buildActionMask = 2147483647;
			files = (
			);
			runOnlyForDeploymentPostprocessing = 0;
		};
/* End PBXResourcesBuildPhase section */

/* Begin PBXShellScriptBuildPhase section */
		26FB4F88B88C2A33901AC10C /* [CP] Check Pods Manifest.lock */ = {
			isa = PBXShellScriptBuildPhase;
			buildActionMask = 2147483647;
			files = (
			);
			inputFileListPaths = (
			);
			inputPaths = (
				"${PODS_PODFILE_DIR_PATH}/Podfile.lock",
				"${PODS_ROOT}/Manifest.lock",
			);
			name = "[CP] Check Pods Manifest.lock";
			outputFileListPaths = (
			);
			outputPaths = (
				"$(DERIVED_FILE_DIR)/Pods-HaramTests-checkManifestLockResult.txt",
			);
			runOnlyForDeploymentPostprocessing = 0;
			shellPath = /bin/sh;
			shellScript = "diff \"${PODS_PODFILE_DIR_PATH}/Podfile.lock\" \"${PODS_ROOT}/Manifest.lock\" > /dev/null\nif [ $? != 0 ] ; then\n    # print error to STDERR\n    echo \"error: The sandbox is not in sync with the Podfile.lock. Run 'pod install' or update your CocoaPods installation.\" >&2\n    exit 1\nfi\n# This output is used by Xcode 'outputs' to avoid re-running this script phase.\necho \"SUCCESS\" > \"${SCRIPT_OUTPUT_FILE_0}\"\n";
			showEnvVarsInLog = 0;
		};
		8B04A0200223458063907514 /* [CP] Embed Pods Frameworks */ = {
			isa = PBXShellScriptBuildPhase;
			buildActionMask = 2147483647;
			files = (
			);
			inputFileListPaths = (
				"${PODS_ROOT}/Target Support Files/Pods-Haram-HaramUITests/Pods-Haram-HaramUITests-frameworks-${CONFIGURATION}-input-files.xcfilelist",
			);
			name = "[CP] Embed Pods Frameworks";
			outputFileListPaths = (
				"${PODS_ROOT}/Target Support Files/Pods-Haram-HaramUITests/Pods-Haram-HaramUITests-frameworks-${CONFIGURATION}-output-files.xcfilelist",
			);
			runOnlyForDeploymentPostprocessing = 0;
			shellPath = /bin/sh;
			shellScript = "\"${PODS_ROOT}/Target Support Files/Pods-Haram-HaramUITests/Pods-Haram-HaramUITests-frameworks.sh\"\n";
			showEnvVarsInLog = 0;
		};
		A07211171B766F2FCF22DBE7 /* [CP] Check Pods Manifest.lock */ = {
			isa = PBXShellScriptBuildPhase;
			buildActionMask = 2147483647;
			files = (
			);
			inputFileListPaths = (
			);
			inputPaths = (
				"${PODS_PODFILE_DIR_PATH}/Podfile.lock",
				"${PODS_ROOT}/Manifest.lock",
			);
			name = "[CP] Check Pods Manifest.lock";
			outputFileListPaths = (
			);
			outputPaths = (
				"$(DERIVED_FILE_DIR)/Pods-Haram-checkManifestLockResult.txt",
			);
			runOnlyForDeploymentPostprocessing = 0;
			shellPath = /bin/sh;
			shellScript = "diff \"${PODS_PODFILE_DIR_PATH}/Podfile.lock\" \"${PODS_ROOT}/Manifest.lock\" > /dev/null\nif [ $? != 0 ] ; then\n    # print error to STDERR\n    echo \"error: The sandbox is not in sync with the Podfile.lock. Run 'pod install' or update your CocoaPods installation.\" >&2\n    exit 1\nfi\n# This output is used by Xcode 'outputs' to avoid re-running this script phase.\necho \"SUCCESS\" > \"${SCRIPT_OUTPUT_FILE_0}\"\n";
			showEnvVarsInLog = 0;
		};
		B693B281461A3D501D4E432A /* [CP] Check Pods Manifest.lock */ = {
			isa = PBXShellScriptBuildPhase;
			buildActionMask = 2147483647;
			files = (
			);
			inputFileListPaths = (
			);
			inputPaths = (
				"${PODS_PODFILE_DIR_PATH}/Podfile.lock",
				"${PODS_ROOT}/Manifest.lock",
			);
			name = "[CP] Check Pods Manifest.lock";
			outputFileListPaths = (
			);
			outputPaths = (
				"$(DERIVED_FILE_DIR)/Pods-Haram-HaramUITests-checkManifestLockResult.txt",
			);
			runOnlyForDeploymentPostprocessing = 0;
			shellPath = /bin/sh;
			shellScript = "diff \"${PODS_PODFILE_DIR_PATH}/Podfile.lock\" \"${PODS_ROOT}/Manifest.lock\" > /dev/null\nif [ $? != 0 ] ; then\n    # print error to STDERR\n    echo \"error: The sandbox is not in sync with the Podfile.lock. Run 'pod install' or update your CocoaPods installation.\" >&2\n    exit 1\nfi\n# This output is used by Xcode 'outputs' to avoid re-running this script phase.\necho \"SUCCESS\" > \"${SCRIPT_OUTPUT_FILE_0}\"\n";
			showEnvVarsInLog = 0;
		};
		D07AE1776294FE788B2474D4 /* [CP] Embed Pods Frameworks */ = {
			isa = PBXShellScriptBuildPhase;
			buildActionMask = 2147483647;
			files = (
			);
			inputFileListPaths = (
				"${PODS_ROOT}/Target Support Files/Pods-Haram/Pods-Haram-frameworks-${CONFIGURATION}-input-files.xcfilelist",
			);
			name = "[CP] Embed Pods Frameworks";
			outputFileListPaths = (
				"${PODS_ROOT}/Target Support Files/Pods-Haram/Pods-Haram-frameworks-${CONFIGURATION}-output-files.xcfilelist",
			);
			runOnlyForDeploymentPostprocessing = 0;
			shellPath = /bin/sh;
			shellScript = "\"${PODS_ROOT}/Target Support Files/Pods-Haram/Pods-Haram-frameworks.sh\"\n";
			showEnvVarsInLog = 0;
		};
/* End PBXShellScriptBuildPhase section */

/* Begin PBXSourcesBuildPhase section */
		70727A4D29D87B25003DE956 /* Sources */ = {
			isa = PBXSourcesBuildPhase;
			buildActionMask = 2147483647;
			files = (
				70727A9929D88A22003DE956 /* RegisterViewController.swift in Sources */,
				70727AA129D88AD0003DE956 /* MoreViewController.swift in Sources */,
				70727A9229D889AE003DE956 /* LoginViewController.swift in Sources */,
				70727A9029D88935003DE956 /* BaseViewController.swift in Sources */,
				70727AA329D88AEE003DE956 /* ScheduleViewController.swift in Sources */,
				70727AA829D93F24003DE956 /* HomeNewsCollectionViewCell.swift in Sources */,
				70727A8829D87E0E003DE956 /* Config.swift in Sources */,
				70727A9729D889FF003DE956 /* PolicyViewController.swift in Sources */,
				70727A9B29D88A3A003DE956 /* FindPasswordViewController.swift in Sources */,
				70727A5529D87B25003DE956 /* AppDelegate.swift in Sources */,
				70727A9529D889C6003DE956 /* HomeViewController.swift in Sources */,
				70727A5729D87B25003DE956 /* SceneDelegate.swift in Sources */,
				70727AA629D93B43003DE956 /* HomeShortcutCollectionViewCell.swift in Sources */,
				70727A9D29D88A7F003DE956 /* UpdatePasswordViewController.swift in Sources */,
				70727A9F29D88AAA003DE956 /* BoardViewController.swift in Sources */,
			);
			runOnlyForDeploymentPostprocessing = 0;
		};
		70727A6329D87B27003DE956 /* Sources */ = {
			isa = PBXSourcesBuildPhase;
			buildActionMask = 2147483647;
			files = (
				70727A6C29D87B27003DE956 /* HaramTests.swift in Sources */,
			);
			runOnlyForDeploymentPostprocessing = 0;
		};
		70727A6D29D87B27003DE956 /* Sources */ = {
			isa = PBXSourcesBuildPhase;
			buildActionMask = 2147483647;
			files = (
				70727A7829D87B27003DE956 /* HaramUITestsLaunchTests.swift in Sources */,
				70727A7629D87B27003DE956 /* HaramUITests.swift in Sources */,
			);
			runOnlyForDeploymentPostprocessing = 0;
		};
/* End PBXSourcesBuildPhase section */

/* Begin PBXTargetDependency section */
		70727A6929D87B27003DE956 /* PBXTargetDependency */ = {
			isa = PBXTargetDependency;
			target = 70727A5029D87B25003DE956 /* Haram */;
			targetProxy = 70727A6829D87B27003DE956 /* PBXContainerItemProxy */;
		};
		70727A7329D87B27003DE956 /* PBXTargetDependency */ = {
			isa = PBXTargetDependency;
			target = 70727A5029D87B25003DE956 /* Haram */;
			targetProxy = 70727A7229D87B27003DE956 /* PBXContainerItemProxy */;
		};
/* End PBXTargetDependency section */

/* Begin PBXVariantGroup section */
		70727A5F29D87B27003DE956 /* LaunchScreen.storyboard */ = {
			isa = PBXVariantGroup;
			children = (
				70727A6029D87B27003DE956 /* Base */,
			);
			name = LaunchScreen.storyboard;
			sourceTree = "<group>";
		};
/* End PBXVariantGroup section */

/* Begin XCBuildConfiguration section */
		70727A7929D87B27003DE956 /* Debug */ = {
			isa = XCBuildConfiguration;
			buildSettings = {
				ALWAYS_SEARCH_USER_PATHS = NO;
				CLANG_ANALYZER_NONNULL = YES;
				CLANG_ANALYZER_NUMBER_OBJECT_CONVERSION = YES_AGGRESSIVE;
				CLANG_CXX_LANGUAGE_STANDARD = "gnu++20";
				CLANG_ENABLE_MODULES = YES;
				CLANG_ENABLE_OBJC_ARC = YES;
				CLANG_ENABLE_OBJC_WEAK = YES;
				CLANG_WARN_BLOCK_CAPTURE_AUTORELEASING = YES;
				CLANG_WARN_BOOL_CONVERSION = YES;
				CLANG_WARN_COMMA = YES;
				CLANG_WARN_CONSTANT_CONVERSION = YES;
				CLANG_WARN_DEPRECATED_OBJC_IMPLEMENTATIONS = YES;
				CLANG_WARN_DIRECT_OBJC_ISA_USAGE = YES_ERROR;
				CLANG_WARN_DOCUMENTATION_COMMENTS = YES;
				CLANG_WARN_EMPTY_BODY = YES;
				CLANG_WARN_ENUM_CONVERSION = YES;
				CLANG_WARN_INFINITE_RECURSION = YES;
				CLANG_WARN_INT_CONVERSION = YES;
				CLANG_WARN_NON_LITERAL_NULL_CONVERSION = YES;
				CLANG_WARN_OBJC_IMPLICIT_RETAIN_SELF = YES;
				CLANG_WARN_OBJC_LITERAL_CONVERSION = YES;
				CLANG_WARN_OBJC_ROOT_CLASS = YES_ERROR;
				CLANG_WARN_QUOTED_INCLUDE_IN_FRAMEWORK_HEADER = YES;
				CLANG_WARN_RANGE_LOOP_ANALYSIS = YES;
				CLANG_WARN_STRICT_PROTOTYPES = YES;
				CLANG_WARN_SUSPICIOUS_MOVE = YES;
				CLANG_WARN_UNGUARDED_AVAILABILITY = YES_AGGRESSIVE;
				CLANG_WARN_UNREACHABLE_CODE = YES;
				CLANG_WARN__DUPLICATE_METHOD_MATCH = YES;
				COPY_PHASE_STRIP = NO;
				DEBUG_INFORMATION_FORMAT = dwarf;
				ENABLE_STRICT_OBJC_MSGSEND = YES;
				ENABLE_TESTABILITY = YES;
				GCC_C_LANGUAGE_STANDARD = gnu11;
				GCC_DYNAMIC_NO_PIC = NO;
				GCC_NO_COMMON_BLOCKS = YES;
				GCC_OPTIMIZATION_LEVEL = 0;
				GCC_PREPROCESSOR_DEFINITIONS = (
					"DEBUG=1",
					"$(inherited)",
				);
				GCC_WARN_64_TO_32_BIT_CONVERSION = YES;
				GCC_WARN_ABOUT_RETURN_TYPE = YES_ERROR;
				GCC_WARN_UNDECLARED_SELECTOR = YES;
				GCC_WARN_UNINITIALIZED_AUTOS = YES_AGGRESSIVE;
				GCC_WARN_UNUSED_FUNCTION = YES;
				GCC_WARN_UNUSED_VARIABLE = YES;
				IPHONEOS_DEPLOYMENT_TARGET = 16.2;
				MTL_ENABLE_DEBUG_INFO = INCLUDE_SOURCE;
				MTL_FAST_MATH = YES;
				ONLY_ACTIVE_ARCH = YES;
				SDKROOT = iphoneos;
				SWIFT_ACTIVE_COMPILATION_CONDITIONS = DEBUG;
				SWIFT_OPTIMIZATION_LEVEL = "-Onone";
			};
			name = Debug;
		};
		70727A7A29D87B27003DE956 /* Release */ = {
			isa = XCBuildConfiguration;
			buildSettings = {
				ALWAYS_SEARCH_USER_PATHS = NO;
				CLANG_ANALYZER_NONNULL = YES;
				CLANG_ANALYZER_NUMBER_OBJECT_CONVERSION = YES_AGGRESSIVE;
				CLANG_CXX_LANGUAGE_STANDARD = "gnu++20";
				CLANG_ENABLE_MODULES = YES;
				CLANG_ENABLE_OBJC_ARC = YES;
				CLANG_ENABLE_OBJC_WEAK = YES;
				CLANG_WARN_BLOCK_CAPTURE_AUTORELEASING = YES;
				CLANG_WARN_BOOL_CONVERSION = YES;
				CLANG_WARN_COMMA = YES;
				CLANG_WARN_CONSTANT_CONVERSION = YES;
				CLANG_WARN_DEPRECATED_OBJC_IMPLEMENTATIONS = YES;
				CLANG_WARN_DIRECT_OBJC_ISA_USAGE = YES_ERROR;
				CLANG_WARN_DOCUMENTATION_COMMENTS = YES;
				CLANG_WARN_EMPTY_BODY = YES;
				CLANG_WARN_ENUM_CONVERSION = YES;
				CLANG_WARN_INFINITE_RECURSION = YES;
				CLANG_WARN_INT_CONVERSION = YES;
				CLANG_WARN_NON_LITERAL_NULL_CONVERSION = YES;
				CLANG_WARN_OBJC_IMPLICIT_RETAIN_SELF = YES;
				CLANG_WARN_OBJC_LITERAL_CONVERSION = YES;
				CLANG_WARN_OBJC_ROOT_CLASS = YES_ERROR;
				CLANG_WARN_QUOTED_INCLUDE_IN_FRAMEWORK_HEADER = YES;
				CLANG_WARN_RANGE_LOOP_ANALYSIS = YES;
				CLANG_WARN_STRICT_PROTOTYPES = YES;
				CLANG_WARN_SUSPICIOUS_MOVE = YES;
				CLANG_WARN_UNGUARDED_AVAILABILITY = YES_AGGRESSIVE;
				CLANG_WARN_UNREACHABLE_CODE = YES;
				CLANG_WARN__DUPLICATE_METHOD_MATCH = YES;
				COPY_PHASE_STRIP = NO;
				DEBUG_INFORMATION_FORMAT = "dwarf-with-dsym";
				ENABLE_NS_ASSERTIONS = NO;
				ENABLE_STRICT_OBJC_MSGSEND = YES;
				GCC_C_LANGUAGE_STANDARD = gnu11;
				GCC_NO_COMMON_BLOCKS = YES;
				GCC_WARN_64_TO_32_BIT_CONVERSION = YES;
				GCC_WARN_ABOUT_RETURN_TYPE = YES_ERROR;
				GCC_WARN_UNDECLARED_SELECTOR = YES;
				GCC_WARN_UNINITIALIZED_AUTOS = YES_AGGRESSIVE;
				GCC_WARN_UNUSED_FUNCTION = YES;
				GCC_WARN_UNUSED_VARIABLE = YES;
				IPHONEOS_DEPLOYMENT_TARGET = 16.2;
				MTL_ENABLE_DEBUG_INFO = NO;
				MTL_FAST_MATH = YES;
				SDKROOT = iphoneos;
				SWIFT_COMPILATION_MODE = wholemodule;
				SWIFT_OPTIMIZATION_LEVEL = "-O";
				VALIDATE_PRODUCT = YES;
			};
			name = Release;
		};
		70727A7C29D87B27003DE956 /* Debug */ = {
			isa = XCBuildConfiguration;
			baseConfigurationReference = A87CEF560E61B5B5250ECD21 /* Pods-Haram.debug.xcconfig */;
			buildSettings = {
				ASSETCATALOG_COMPILER_APPICON_NAME = AppIcon;
				ASSETCATALOG_COMPILER_GLOBAL_ACCENT_COLOR_NAME = AccentColor;
				CODE_SIGN_STYLE = Automatic;
				CURRENT_PROJECT_VERSION = 1;
				GENERATE_INFOPLIST_FILE = YES;
				INFOPLIST_FILE = Haram/Info.plist;
				INFOPLIST_KEY_UIApplicationSupportsIndirectInputEvents = YES;
				INFOPLIST_KEY_UILaunchStoryboardName = LaunchScreen;
				INFOPLIST_KEY_UIMainStoryboardFile = "";
				INFOPLIST_KEY_UISupportedInterfaceOrientations_iPad = "UIInterfaceOrientationPortrait UIInterfaceOrientationPortraitUpsideDown UIInterfaceOrientationLandscapeLeft UIInterfaceOrientationLandscapeRight";
				INFOPLIST_KEY_UISupportedInterfaceOrientations_iPhone = "UIInterfaceOrientationPortrait UIInterfaceOrientationLandscapeLeft UIInterfaceOrientationLandscapeRight";
				LD_RUNPATH_SEARCH_PATHS = (
					"$(inherited)",
					"@executable_path/Frameworks",
				);
				MARKETING_VERSION = 1.0;
				PRODUCT_BUNDLE_IDENTIFIER = com.Jun.Haram;
				PRODUCT_NAME = "$(TARGET_NAME)";
				SWIFT_EMIT_LOC_STRINGS = YES;
				SWIFT_VERSION = 5.0;
				TARGETED_DEVICE_FAMILY = "1,2";
			};
			name = Debug;
		};
		70727A7D29D87B27003DE956 /* Release */ = {
			isa = XCBuildConfiguration;
			baseConfigurationReference = 1D48F7FCF7A457261670F3EF /* Pods-Haram.release.xcconfig */;
			buildSettings = {
				ASSETCATALOG_COMPILER_APPICON_NAME = AppIcon;
				ASSETCATALOG_COMPILER_GLOBAL_ACCENT_COLOR_NAME = AccentColor;
				CODE_SIGN_STYLE = Automatic;
				CURRENT_PROJECT_VERSION = 1;
				GENERATE_INFOPLIST_FILE = YES;
				INFOPLIST_FILE = Haram/Info.plist;
				INFOPLIST_KEY_UIApplicationSupportsIndirectInputEvents = YES;
				INFOPLIST_KEY_UILaunchStoryboardName = LaunchScreen;
				INFOPLIST_KEY_UIMainStoryboardFile = "";
				INFOPLIST_KEY_UISupportedInterfaceOrientations_iPad = "UIInterfaceOrientationPortrait UIInterfaceOrientationPortraitUpsideDown UIInterfaceOrientationLandscapeLeft UIInterfaceOrientationLandscapeRight";
				INFOPLIST_KEY_UISupportedInterfaceOrientations_iPhone = "UIInterfaceOrientationPortrait UIInterfaceOrientationLandscapeLeft UIInterfaceOrientationLandscapeRight";
				LD_RUNPATH_SEARCH_PATHS = (
					"$(inherited)",
					"@executable_path/Frameworks",
				);
				MARKETING_VERSION = 1.0;
				PRODUCT_BUNDLE_IDENTIFIER = com.Jun.Haram;
				PRODUCT_NAME = "$(TARGET_NAME)";
				SWIFT_EMIT_LOC_STRINGS = YES;
				SWIFT_VERSION = 5.0;
				TARGETED_DEVICE_FAMILY = "1,2";
			};
			name = Release;
		};
		70727A7F29D87B27003DE956 /* Debug */ = {
			isa = XCBuildConfiguration;
			baseConfigurationReference = 53CB8BAC08F9E8A3AAA89FD7 /* Pods-HaramTests.debug.xcconfig */;
			buildSettings = {
				ALWAYS_EMBED_SWIFT_STANDARD_LIBRARIES = YES;
				BUNDLE_LOADER = "$(TEST_HOST)";
				CODE_SIGN_STYLE = Automatic;
				CURRENT_PROJECT_VERSION = 1;
				GENERATE_INFOPLIST_FILE = YES;
				IPHONEOS_DEPLOYMENT_TARGET = 16.2;
				MARKETING_VERSION = 1.0;
				PRODUCT_BUNDLE_IDENTIFIER = com.Jun.HaramTests;
				PRODUCT_NAME = "$(TARGET_NAME)";
				SWIFT_EMIT_LOC_STRINGS = NO;
				SWIFT_VERSION = 5.0;
				TARGETED_DEVICE_FAMILY = "1,2";
				TEST_HOST = "$(BUILT_PRODUCTS_DIR)/Haram.app/$(BUNDLE_EXECUTABLE_FOLDER_PATH)/Haram";
			};
			name = Debug;
		};
		70727A8029D87B27003DE956 /* Release */ = {
			isa = XCBuildConfiguration;
			baseConfigurationReference = 6CF842086B6AC027A6E61245 /* Pods-HaramTests.release.xcconfig */;
			buildSettings = {
				ALWAYS_EMBED_SWIFT_STANDARD_LIBRARIES = YES;
				BUNDLE_LOADER = "$(TEST_HOST)";
				CODE_SIGN_STYLE = Automatic;
				CURRENT_PROJECT_VERSION = 1;
				GENERATE_INFOPLIST_FILE = YES;
				IPHONEOS_DEPLOYMENT_TARGET = 16.2;
				MARKETING_VERSION = 1.0;
				PRODUCT_BUNDLE_IDENTIFIER = com.Jun.HaramTests;
				PRODUCT_NAME = "$(TARGET_NAME)";
				SWIFT_EMIT_LOC_STRINGS = NO;
				SWIFT_VERSION = 5.0;
				TARGETED_DEVICE_FAMILY = "1,2";
				TEST_HOST = "$(BUILT_PRODUCTS_DIR)/Haram.app/$(BUNDLE_EXECUTABLE_FOLDER_PATH)/Haram";
			};
			name = Release;
		};
		70727A8229D87B27003DE956 /* Debug */ = {
			isa = XCBuildConfiguration;
			baseConfigurationReference = 23197F1456E4AE69A47F19DB /* Pods-Haram-HaramUITests.debug.xcconfig */;
			buildSettings = {
				ALWAYS_EMBED_SWIFT_STANDARD_LIBRARIES = YES;
				CODE_SIGN_STYLE = Automatic;
				CURRENT_PROJECT_VERSION = 1;
				GENERATE_INFOPLIST_FILE = YES;
				MARKETING_VERSION = 1.0;
				PRODUCT_BUNDLE_IDENTIFIER = com.Jun.HaramUITests;
				PRODUCT_NAME = "$(TARGET_NAME)";
				SWIFT_EMIT_LOC_STRINGS = NO;
				SWIFT_VERSION = 5.0;
				TARGETED_DEVICE_FAMILY = "1,2";
				TEST_TARGET_NAME = Haram;
			};
			name = Debug;
		};
		70727A8329D87B27003DE956 /* Release */ = {
			isa = XCBuildConfiguration;
			baseConfigurationReference = B764001493328120B4338461 /* Pods-Haram-HaramUITests.release.xcconfig */;
			buildSettings = {
				ALWAYS_EMBED_SWIFT_STANDARD_LIBRARIES = YES;
				CODE_SIGN_STYLE = Automatic;
				CURRENT_PROJECT_VERSION = 1;
				GENERATE_INFOPLIST_FILE = YES;
				MARKETING_VERSION = 1.0;
				PRODUCT_BUNDLE_IDENTIFIER = com.Jun.HaramUITests;
				PRODUCT_NAME = "$(TARGET_NAME)";
				SWIFT_EMIT_LOC_STRINGS = NO;
				SWIFT_VERSION = 5.0;
				TARGETED_DEVICE_FAMILY = "1,2";
				TEST_TARGET_NAME = Haram;
			};
			name = Release;
		};
/* End XCBuildConfiguration section */

/* Begin XCConfigurationList section */
		70727A4C29D87B25003DE956 /* Build configuration list for PBXProject "Haram" */ = {
			isa = XCConfigurationList;
			buildConfigurations = (
				70727A7929D87B27003DE956 /* Debug */,
				70727A7A29D87B27003DE956 /* Release */,
			);
			defaultConfigurationIsVisible = 0;
			defaultConfigurationName = Release;
		};
		70727A7B29D87B27003DE956 /* Build configuration list for PBXNativeTarget "Haram" */ = {
			isa = XCConfigurationList;
			buildConfigurations = (
				70727A7C29D87B27003DE956 /* Debug */,
				70727A7D29D87B27003DE956 /* Release */,
			);
			defaultConfigurationIsVisible = 0;
			defaultConfigurationName = Release;
		};
		70727A7E29D87B27003DE956 /* Build configuration list for PBXNativeTarget "HaramTests" */ = {
			isa = XCConfigurationList;
			buildConfigurations = (
				70727A7F29D87B27003DE956 /* Debug */,
				70727A8029D87B27003DE956 /* Release */,
			);
			defaultConfigurationIsVisible = 0;
			defaultConfigurationName = Release;
		};
		70727A8129D87B27003DE956 /* Build configuration list for PBXNativeTarget "HaramUITests" */ = {
			isa = XCConfigurationList;
			buildConfigurations = (
				70727A8229D87B27003DE956 /* Debug */,
				70727A8329D87B27003DE956 /* Release */,
			);
			defaultConfigurationIsVisible = 0;
			defaultConfigurationName = Release;
		};
/* End XCConfigurationList section */
	};
	rootObject = 70727A4929D87B25003DE956 /* Project object */;
}
