PODS:
  - Elliotable (1.2.5)
  - NMapsMap (3.16.0)
  - ZXingObjC (3.6.9):
    - ZXingObjC/All (= 3.6.9)
  - ZXingObjC/All (3.6.9)

DEPENDENCIES:
  - Elliotable
  - NMapsMap
  - ZXingObjC (~> 3.6.4)

SPEC REPOS:
  trunk:
    - Elliotable
    - NMapsMap
    - ZXingObjC

SPEC CHECKSUMS:
  Elliotable: e669fa7a974658c4e0ee4be4b335f6a561f1b2cb
  NMapsMap: a2593320fca2bb09e521c05b4dffee4da42e96ed
  ZXingObjC: 8898711ab495761b2dbbdec76d90164a6d7e14c5

PODFILE CHECKSUM: 02ab6816f89a28dfed6d12298e0ac6521204a982

COCOAPODS: 1.11.3
